{
  "name": "@as3web/as3-to-ts",
  "version": "0.3.10",
  "lockfileVersion": 3,
  "requires": true,
  "packages": {
    "": {
      "name": "@as3web/as3-to-ts",
      "version": "0.3.10",
      "bin": {
        "as3-to-ts": "bin/as3-to-typescript",
        "as3-to-ts-sf": "bin/as3-to-typescript-singleFile"
      }
    }
  }
}
